
Microsoft Visual Studio Solution File, Format Version 12.00
# Visual Studio Version 17
VisualStudioVersion = 17.9.34728.123
MinimumVisualStudioVersion = 10.0.40219.1
Project("{9A19103F-16F7-4668-BE54-9A1E7A4F7556}") = "Task1", "WinFormsApp1\Task1.csproj", "{1823FCB4-A990-488D-886D-2C5CFEEAA413}"
EndProject
Project("{9A19103F-16F7-4668-BE54-9A1E7A4F7556}") = "Task2", "Task2\Task2.csproj", "{F64E9F77-8AE1-4EB9-BE77-C478E329A099}"
EndProject
Project("{9A19103F-16F7-4668-BE54-9A1E7A4F7556}") = "Task3", "Task3\Task3.csproj", "{FA4EFDD5-46B3-46FD-AFF0-F69021FF9ECE}"
EndProject
Project("{FAE04EC0-301F-11D3-BF4B-00C04F79EFBC}") = "Task4", "Task4\Task4.csproj", "{3EC5164D-38B6-4F5A-95DA-FF0D4941E270}"
EndProject
Global
	GlobalSection(SolutionConfigurationPlatforms) = preSolution
		Debug|Any CPU = Debug|Any CPU
		Release|Any CPU = Release|Any CPU
	EndGlobalSection
	GlobalSection(ProjectConfigurationPlatforms) = postSolution
		{1823FCB4-A990-488D-886D-2C5CFEEAA413}.Debug|Any CPU.ActiveCfg = Debug|Any CPU
		{1823FCB4-A990-488D-886D-2C5CFEEAA413}.Debug|Any CPU.Build.0 = Debug|Any CPU
		{1823FCB4-A990-488D-886D-2C5CFEEAA413}.Release|Any CPU.ActiveCfg = Release|Any CPU
		{1823FCB4-A990-488D-886D-2C5CFEEAA413}.Release|Any CPU.Build.0 = Release|Any CPU
		{F64E9F77-8AE1-4EB9-BE77-C478E329A099}.Debug|Any CPU.ActiveCfg = Debug|Any CPU
		{F64E9F77-8AE1-4EB9-BE77-C478E329A099}.Debug|Any CPU.Build.0 = Debug|Any CPU
		{F64E9F77-8AE1-4EB9-BE77-C478E329A099}.Release|Any CPU.ActiveCfg = Release|Any CPU
		{F64E9F77-8AE1-4EB9-BE77-C478E329A099}.Release|Any CPU.Build.0 = Release|Any CPU
		{FA4EFDD5-46B3-46FD-AFF0-F69021FF9ECE}.Debug|Any CPU.ActiveCfg = Debug|Any CPU
		{FA4EFDD5-46B3-46FD-AFF0-F69021FF9ECE}.Debug|Any CPU.Build.0 = Debug|Any CPU
		{FA4EFDD5-46B3-46FD-AFF0-F69021FF9ECE}.Release|Any CPU.ActiveCfg = Release|Any CPU
		{FA4EFDD5-46B3-46FD-AFF0-F69021FF9ECE}.Release|Any CPU.Build.0 = Release|Any CPU
		{3EC5164D-38B6-4F5A-95DA-FF0D4941E270}.Debug|Any CPU.ActiveCfg = Debug|Any CPU
		{3EC5164D-38B6-4F5A-95DA-FF0D4941E270}.Debug|Any CPU.Build.0 = Debug|Any CPU
		{3EC5164D-38B6-4F5A-95DA-FF0D4941E270}.Release|Any CPU.ActiveCfg = Release|Any CPU
		{3EC5164D-38B6-4F5A-95DA-FF0D4941E270}.Release|Any CPU.Build.0 = Release|Any CPU
	EndGlobalSection
	GlobalSection(SolutionProperties) = preSolution
		HideSolutionNode = FALSE
	EndGlobalSection
	GlobalSection(ExtensibilityGlobals) = postSolution
		SolutionGuid = {A3146AD3-BAD6-4053-B1A9-4DB77A045739}
	EndGlobalSection
EndGlobal
