
Microsoft Visual Studio Solution File, Format Version 12.00
# Visual Studio Version 17
VisualStudioVersion = 17.7.34031.279
MinimumVisualStudioVersion = 10.0.40219.1
Project("{9A19103F-16F7-4668-BE54-9A1E7A4F7556}") = "Task1", "Task1\Task1.csproj", "{A214E42E-9CC4-4E4A-A71D-DA6104A07D70}"
EndProject
Project("{FAE04EC0-301F-11D3-BF4B-00C04F79EFBC}") = "Task2", "Task2\Task2.csproj", "{763F8487-362F-4A7C-A8AF-6D43ED7E0022}"
EndProject
Project("{FAE04EC0-301F-11D3-BF4B-00C04F79EFBC}") = "Task3", "Task3\Task3.csproj", "{C475B7D4-A83A-4C43-8DF9-E1DA6F6792B9}"
EndProject
Global
	GlobalSection(SolutionConfigurationPlatforms) = preSolution
		Debug|Any CPU = Debug|Any CPU
		Release|Any CPU = Release|Any CPU
	EndGlobalSection
	GlobalSection(ProjectConfigurationPlatforms) = postSolution
		{A214E42E-9CC4-4E4A-A71D-DA6104A07D70}.Debug|Any CPU.ActiveCfg = Debug|Any CPU
		{A214E42E-9CC4-4E4A-A71D-DA6104A07D70}.Debug|Any CPU.Build.0 = Debug|Any CPU
		{A214E42E-9CC4-4E4A-A71D-DA6104A07D70}.Release|Any CPU.ActiveCfg = Release|Any CPU
		{A214E42E-9CC4-4E4A-A71D-DA6104A07D70}.Release|Any CPU.Build.0 = Release|Any CPU
		{763F8487-362F-4A7C-A8AF-6D43ED7E0022}.Debug|Any CPU.ActiveCfg = Debug|Any CPU
		{763F8487-362F-4A7C-A8AF-6D43ED7E0022}.Debug|Any CPU.Build.0 = Debug|Any CPU
		{763F8487-362F-4A7C-A8AF-6D43ED7E0022}.Release|Any CPU.ActiveCfg = Release|Any CPU
		{763F8487-362F-4A7C-A8AF-6D43ED7E0022}.Release|Any CPU.Build.0 = Release|Any CPU
		{C475B7D4-A83A-4C43-8DF9-E1DA6F6792B9}.Debug|Any CPU.ActiveCfg = Debug|Any CPU
		{C475B7D4-A83A-4C43-8DF9-E1DA6F6792B9}.Debug|Any CPU.Build.0 = Debug|Any CPU
		{C475B7D4-A83A-4C43-8DF9-E1DA6F6792B9}.Release|Any CPU.ActiveCfg = Release|Any CPU
		{C475B7D4-A83A-4C43-8DF9-E1DA6F6792B9}.Release|Any CPU.Build.0 = Release|Any CPU
	EndGlobalSection
	GlobalSection(SolutionProperties) = preSolution
		HideSolutionNode = FALSE
	EndGlobalSection
	GlobalSection(ExtensibilityGlobals) = postSolution
		SolutionGuid = {C3EA276C-7819-4FEB-B8E7-D6483CD0C30B}
	EndGlobalSection
EndGlobal
