
Microsoft Visual Studio Solution File, Format Version 12.00
# Visual Studio Version 17
VisualStudioVersion = 17.9.34728.123
MinimumVisualStudioVersion = 10.0.40219.1
Project("{9A19103F-16F7-4668-BE54-9A1E7A4F7556}") = "Task1", "Task1\Task1.csproj", "{DF5B4C24-C280-407B-AA48-ACE796453348}"
EndProject
Project("{FAE04EC0-301F-11D3-BF4B-00C04F79EFBC}") = "Task2", "Task2\Task2.csproj", "{76F79CAC-5057-4478-B127-923A4747FCAB}"
EndProject
Global
	GlobalSection(SolutionConfigurationPlatforms) = preSolution
		Debug|Any CPU = Debug|Any CPU
		Release|Any CPU = Release|Any CPU
	EndGlobalSection
	GlobalSection(ProjectConfigurationPlatforms) = postSolution
		{DF5B4C24-C280-407B-AA48-ACE796453348}.Debug|Any CPU.ActiveCfg = Debug|Any CPU
		{DF5B4C24-C280-407B-AA48-ACE796453348}.Debug|Any CPU.Build.0 = Debug|Any CPU
		{DF5B4C24-C280-407B-AA48-ACE796453348}.Release|Any CPU.ActiveCfg = Release|Any CPU
		{DF5B4C24-C280-407B-AA48-ACE796453348}.Release|Any CPU.Build.0 = Release|Any CPU
		{76F79CAC-5057-4478-B127-923A4747FCAB}.Debug|Any CPU.ActiveCfg = Debug|Any CPU
		{76F79CAC-5057-4478-B127-923A4747FCAB}.Debug|Any CPU.Build.0 = Debug|Any CPU
		{76F79CAC-5057-4478-B127-923A4747FCAB}.Release|Any CPU.ActiveCfg = Release|Any CPU
		{76F79CAC-5057-4478-B127-923A4747FCAB}.Release|Any CPU.Build.0 = Release|Any CPU
	EndGlobalSection
	GlobalSection(SolutionProperties) = preSolution
		HideSolutionNode = FALSE
	EndGlobalSection
	GlobalSection(ExtensibilityGlobals) = postSolution
		SolutionGuid = {AC4C42E2-5431-400F-8D67-90F3E81BC739}
	EndGlobalSection
EndGlobal
