
Microsoft Visual Studio Solution File, Format Version 12.00
# Visual Studio Version 17
VisualStudioVersion = 17.9.34728.123
MinimumVisualStudioVersion = 10.0.40219.1
Project("{FAE04EC0-301F-11D3-BF4B-00C04F79EFBC}") = "Task1", "Task1\Task1.csproj", "{61FD3BCC-4923-49B4-A9C7-5CB976B77932}"
EndProject
Project("{FAE04EC0-301F-11D3-BF4B-00C04F79EFBC}") = "Task2", "Task2\Task2.csproj", "{F3B1F14D-6E21-4E70-84AE-F14F7794AB36}"
EndProject
Project("{FAE04EC0-301F-11D3-BF4B-00C04F79EFBC}") = "Task3", "Task3\Task3.csproj", "{4E3A7683-0389-47E3-92D5-5A1103EEE901}"
EndProject
Project("{FAE04EC0-301F-11D3-BF4B-00C04F79EFBC}") = "Task4", "Task4\Task4.csproj", "{CC3A387A-5D47-4EDF-BA11-55EBDCCAF8C7}"
EndProject
Project("{FAE04EC0-301F-11D3-BF4B-00C04F79EFBC}") = "Task5", "Task5\Task5.csproj", "{74D39E23-241A-4239-8AC8-8CD59BE256E7}"
EndProject
Project("{FAE04EC0-301F-11D3-BF4B-00C04F79EFBC}") = "Task6", "Task6\Task6.csproj", "{858F0EE4-06C2-4206-83EC-586880BCB078}"
EndProject
Project("{FAE04EC0-301F-11D3-BF4B-00C04F79EFBC}") = "Task7", "Task7\Task7.csproj", "{1AF0D582-0483-45BB-9748-AAAE616A9575}"
EndProject
Project("{FAE04EC0-301F-11D3-BF4B-00C04F79EFBC}") = "Task8", "Task8\Task8.csproj", "{B29A6D5F-49CD-4FC0-B30E-9C913574FD14}"
EndProject
Project("{FAE04EC0-301F-11D3-BF4B-00C04F79EFBC}") = "Task9", "Task9\Task9.csproj", "{435620B8-3214-4024-8F1E-29CEF5FC0C7A}"
EndProject
Project("{FAE04EC0-301F-11D3-BF4B-00C04F79EFBC}") = "Task10", "Task10\Task10.csproj", "{972043E9-237E-40E1-BB23-18C0F1106C8B}"
EndProject
Project("{FAE04EC0-301F-11D3-BF4B-00C04F79EFBC}") = "Task11", "Task11\Task11.csproj", "{2F8A6B1F-197E-49AB-B1E0-B2CA6AD14D0D}"
EndProject
Project("{FAE04EC0-301F-11D3-BF4B-00C04F79EFBC}") = "Task12", "Task12\Task12.csproj", "{AC544B6D-E44E-4035-B13F-755B275AE4C1}"
EndProject
Project("{FAE04EC0-301F-11D3-BF4B-00C04F79EFBC}") = "Task13", "Task13\Task13.csproj", "{21772B32-4865-4FEE-ACD3-13461CC46EAF}"
EndProject
Project("{FAE04EC0-301F-11D3-BF4B-00C04F79EFBC}") = "Task14", "Task14\Task14.csproj", "{E04699AA-6B38-4B08-80D5-8F44BD69EC56}"
EndProject
Project("{FAE04EC0-301F-11D3-BF4B-00C04F79EFBC}") = "Task15", "Task15\Task15.csproj", "{FABD1050-8DAA-4B4B-8D69-258449C28CA7}"
EndProject
Project("{FAE04EC0-301F-11D3-BF4B-00C04F79EFBC}") = "Task16", "Task16\Task16.csproj", "{49E48E23-AD78-4E4C-B808-51652898CA3B}"
EndProject
Global
	GlobalSection(SolutionConfigurationPlatforms) = preSolution
		Debug|Any CPU = Debug|Any CPU
		Release|Any CPU = Release|Any CPU
	EndGlobalSection
	GlobalSection(ProjectConfigurationPlatforms) = postSolution
		{61FD3BCC-4923-49B4-A9C7-5CB976B77932}.Debug|Any CPU.ActiveCfg = Debug|Any CPU
		{61FD3BCC-4923-49B4-A9C7-5CB976B77932}.Debug|Any CPU.Build.0 = Debug|Any CPU
		{61FD3BCC-4923-49B4-A9C7-5CB976B77932}.Release|Any CPU.ActiveCfg = Release|Any CPU
		{61FD3BCC-4923-49B4-A9C7-5CB976B77932}.Release|Any CPU.Build.0 = Release|Any CPU
		{F3B1F14D-6E21-4E70-84AE-F14F7794AB36}.Debug|Any CPU.ActiveCfg = Debug|Any CPU
		{F3B1F14D-6E21-4E70-84AE-F14F7794AB36}.Debug|Any CPU.Build.0 = Debug|Any CPU
		{F3B1F14D-6E21-4E70-84AE-F14F7794AB36}.Release|Any CPU.ActiveCfg = Release|Any CPU
		{F3B1F14D-6E21-4E70-84AE-F14F7794AB36}.Release|Any CPU.Build.0 = Release|Any CPU
		{4E3A7683-0389-47E3-92D5-5A1103EEE901}.Debug|Any CPU.ActiveCfg = Debug|Any CPU
		{4E3A7683-0389-47E3-92D5-5A1103EEE901}.Debug|Any CPU.Build.0 = Debug|Any CPU
		{4E3A7683-0389-47E3-92D5-5A1103EEE901}.Release|Any CPU.ActiveCfg = Release|Any CPU
		{4E3A7683-0389-47E3-92D5-5A1103EEE901}.Release|Any CPU.Build.0 = Release|Any CPU
		{CC3A387A-5D47-4EDF-BA11-55EBDCCAF8C7}.Debug|Any CPU.ActiveCfg = Debug|Any CPU
		{CC3A387A-5D47-4EDF-BA11-55EBDCCAF8C7}.Debug|Any CPU.Build.0 = Debug|Any CPU
		{CC3A387A-5D47-4EDF-BA11-55EBDCCAF8C7}.Release|Any CPU.ActiveCfg = Release|Any CPU
		{CC3A387A-5D47-4EDF-BA11-55EBDCCAF8C7}.Release|Any CPU.Build.0 = Release|Any CPU
		{74D39E23-241A-4239-8AC8-8CD59BE256E7}.Debug|Any CPU.ActiveCfg = Debug|Any CPU
		{74D39E23-241A-4239-8AC8-8CD59BE256E7}.Debug|Any CPU.Build.0 = Debug|Any CPU
		{74D39E23-241A-4239-8AC8-8CD59BE256E7}.Release|Any CPU.ActiveCfg = Release|Any CPU
		{74D39E23-241A-4239-8AC8-8CD59BE256E7}.Release|Any CPU.Build.0 = Release|Any CPU
		{858F0EE4-06C2-4206-83EC-586880BCB078}.Debug|Any CPU.ActiveCfg = Debug|Any CPU
		{858F0EE4-06C2-4206-83EC-586880BCB078}.Debug|Any CPU.Build.0 = Debug|Any CPU
		{858F0EE4-06C2-4206-83EC-586880BCB078}.Release|Any CPU.ActiveCfg = Release|Any CPU
		{858F0EE4-06C2-4206-83EC-586880BCB078}.Release|Any CPU.Build.0 = Release|Any CPU
		{1AF0D582-0483-45BB-9748-AAAE616A9575}.Debug|Any CPU.ActiveCfg = Debug|Any CPU
		{1AF0D582-0483-45BB-9748-AAAE616A9575}.Debug|Any CPU.Build.0 = Debug|Any CPU
		{1AF0D582-0483-45BB-9748-AAAE616A9575}.Release|Any CPU.ActiveCfg = Release|Any CPU
		{1AF0D582-0483-45BB-9748-AAAE616A9575}.Release|Any CPU.Build.0 = Release|Any CPU
		{B29A6D5F-49CD-4FC0-B30E-9C913574FD14}.Debug|Any CPU.ActiveCfg = Debug|Any CPU
		{B29A6D5F-49CD-4FC0-B30E-9C913574FD14}.Debug|Any CPU.Build.0 = Debug|Any CPU
		{B29A6D5F-49CD-4FC0-B30E-9C913574FD14}.Release|Any CPU.ActiveCfg = Release|Any CPU
		{B29A6D5F-49CD-4FC0-B30E-9C913574FD14}.Release|Any CPU.Build.0 = Release|Any CPU
		{435620B8-3214-4024-8F1E-29CEF5FC0C7A}.Debug|Any CPU.ActiveCfg = Debug|Any CPU
		{435620B8-3214-4024-8F1E-29CEF5FC0C7A}.Debug|Any CPU.Build.0 = Debug|Any CPU
		{435620B8-3214-4024-8F1E-29CEF5FC0C7A}.Release|Any CPU.ActiveCfg = Release|Any CPU
		{435620B8-3214-4024-8F1E-29CEF5FC0C7A}.Release|Any CPU.Build.0 = Release|Any CPU
		{972043E9-237E-40E1-BB23-18C0F1106C8B}.Debug|Any CPU.ActiveCfg = Debug|Any CPU
		{972043E9-237E-40E1-BB23-18C0F1106C8B}.Debug|Any CPU.Build.0 = Debug|Any CPU
		{972043E9-237E-40E1-BB23-18C0F1106C8B}.Release|Any CPU.ActiveCfg = Release|Any CPU
		{972043E9-237E-40E1-BB23-18C0F1106C8B}.Release|Any CPU.Build.0 = Release|Any CPU
		{2F8A6B1F-197E-49AB-B1E0-B2CA6AD14D0D}.Debug|Any CPU.ActiveCfg = Debug|Any CPU
		{2F8A6B1F-197E-49AB-B1E0-B2CA6AD14D0D}.Debug|Any CPU.Build.0 = Debug|Any CPU
		{2F8A6B1F-197E-49AB-B1E0-B2CA6AD14D0D}.Release|Any CPU.ActiveCfg = Release|Any CPU
		{2F8A6B1F-197E-49AB-B1E0-B2CA6AD14D0D}.Release|Any CPU.Build.0 = Release|Any CPU
		{AC544B6D-E44E-4035-B13F-755B275AE4C1}.Debug|Any CPU.ActiveCfg = Debug|Any CPU
		{AC544B6D-E44E-4035-B13F-755B275AE4C1}.Debug|Any CPU.Build.0 = Debug|Any CPU
		{AC544B6D-E44E-4035-B13F-755B275AE4C1}.Release|Any CPU.ActiveCfg = Release|Any CPU
		{AC544B6D-E44E-4035-B13F-755B275AE4C1}.Release|Any CPU.Build.0 = Release|Any CPU
		{21772B32-4865-4FEE-ACD3-13461CC46EAF}.Debug|Any CPU.ActiveCfg = Debug|Any CPU
		{21772B32-4865-4FEE-ACD3-13461CC46EAF}.Debug|Any CPU.Build.0 = Debug|Any CPU
		{21772B32-4865-4FEE-ACD3-13461CC46EAF}.Release|Any CPU.ActiveCfg = Release|Any CPU
		{21772B32-4865-4FEE-ACD3-13461CC46EAF}.Release|Any CPU.Build.0 = Release|Any CPU
		{E04699AA-6B38-4B08-80D5-8F44BD69EC56}.Debug|Any CPU.ActiveCfg = Debug|Any CPU
		{E04699AA-6B38-4B08-80D5-8F44BD69EC56}.Debug|Any CPU.Build.0 = Debug|Any CPU
		{E04699AA-6B38-4B08-80D5-8F44BD69EC56}.Release|Any CPU.ActiveCfg = Release|Any CPU
		{E04699AA-6B38-4B08-80D5-8F44BD69EC56}.Release|Any CPU.Build.0 = Release|Any CPU
		{FABD1050-8DAA-4B4B-8D69-258449C28CA7}.Debug|Any CPU.ActiveCfg = Debug|Any CPU
		{FABD1050-8DAA-4B4B-8D69-258449C28CA7}.Debug|Any CPU.Build.0 = Debug|Any CPU
		{FABD1050-8DAA-4B4B-8D69-258449C28CA7}.Release|Any CPU.ActiveCfg = Release|Any CPU
		{FABD1050-8DAA-4B4B-8D69-258449C28CA7}.Release|Any CPU.Build.0 = Release|Any CPU
		{49E48E23-AD78-4E4C-B808-51652898CA3B}.Debug|Any CPU.ActiveCfg = Debug|Any CPU
		{49E48E23-AD78-4E4C-B808-51652898CA3B}.Debug|Any CPU.Build.0 = Debug|Any CPU
		{49E48E23-AD78-4E4C-B808-51652898CA3B}.Release|Any CPU.ActiveCfg = Release|Any CPU
		{49E48E23-AD78-4E4C-B808-51652898CA3B}.Release|Any CPU.Build.0 = Release|Any CPU
	EndGlobalSection
	GlobalSection(SolutionProperties) = preSolution
		HideSolutionNode = FALSE
	EndGlobalSection
	GlobalSection(ExtensibilityGlobals) = postSolution
		SolutionGuid = {614A03E1-83EC-4DEE-9E9E-4C60BA052CAF}
	EndGlobalSection
EndGlobal
