
Microsoft Visual Studio Solution File, Format Version 12.00
# Visual Studio Version 17
VisualStudioVersion = 17.9.34728.123
MinimumVisualStudioVersion = 10.0.40219.1
Project("{FAE04EC0-301F-11D3-BF4B-00C04F79EFBC}") = "Task1", "Task1\Task1.csproj", "{F917352D-BE04-4CCE-BF7A-EFA06F6CA28E}"
EndProject
Project("{FAE04EC0-301F-11D3-BF4B-00C04F79EFBC}") = "Task2", "Task2\Task2.csproj", "{E31FF997-7098-47EB-85A0-C5AEBA3F9BE5}"
EndProject
Global
	GlobalSection(SolutionConfigurationPlatforms) = preSolution
		Debug|Any CPU = Debug|Any CPU
		Release|Any CPU = Release|Any CPU
	EndGlobalSection
	GlobalSection(ProjectConfigurationPlatforms) = postSolution
		{F917352D-BE04-4CCE-BF7A-EFA06F6CA28E}.Debug|Any CPU.ActiveCfg = Debug|Any CPU
		{F917352D-BE04-4CCE-BF7A-EFA06F6CA28E}.Debug|Any CPU.Build.0 = Debug|Any CPU
		{F917352D-BE04-4CCE-BF7A-EFA06F6CA28E}.Release|Any CPU.ActiveCfg = Release|Any CPU
		{F917352D-BE04-4CCE-BF7A-EFA06F6CA28E}.Release|Any CPU.Build.0 = Release|Any CPU
		{E31FF997-7098-47EB-85A0-C5AEBA3F9BE5}.Debug|Any CPU.ActiveCfg = Debug|Any CPU
		{E31FF997-7098-47EB-85A0-C5AEBA3F9BE5}.Debug|Any CPU.Build.0 = Debug|Any CPU
		{E31FF997-7098-47EB-85A0-C5AEBA3F9BE5}.Release|Any CPU.ActiveCfg = Release|Any CPU
		{E31FF997-7098-47EB-85A0-C5AEBA3F9BE5}.Release|Any CPU.Build.0 = Release|Any CPU
	EndGlobalSection
	GlobalSection(SolutionProperties) = preSolution
		HideSolutionNode = FALSE
	EndGlobalSection
	GlobalSection(ExtensibilityGlobals) = postSolution
		SolutionGuid = {4CAEC1A3-4191-4FDE-A89C-793DA308D5C3}
	EndGlobalSection
EndGlobal
