
Microsoft Visual Studio Solution File, Format Version 12.00
# Visual Studio Version 17
VisualStudioVersion = 17.9.34728.123
MinimumVisualStudioVersion = 10.0.40219.1
Project("{FAE04EC0-301F-11D3-BF4B-00C04F79EFBC}") = "Task1", "Task1\Task1.csproj", "{2B985747-49C7-4F10-AD66-C8890778B556}"
EndProject
Project("{FAE04EC0-301F-11D3-BF4B-00C04F79EFBC}") = "Task2", "Task2\Task2.csproj", "{F96EAB93-2E1D-43C5-8657-BBD2E17F820A}"
EndProject
Project("{FAE04EC0-301F-11D3-BF4B-00C04F79EFBC}") = "Task3", "Task3\Task3.csproj", "{04272E57-279E-496C-9D26-781304686984}"
EndProject
Project("{FAE04EC0-301F-11D3-BF4B-00C04F79EFBC}") = "Task4", "Task4\Task4.csproj", "{BC597561-2442-40D6-9076-5CE52203CF14}"
EndProject
Global
	GlobalSection(SolutionConfigurationPlatforms) = preSolution
		Debug|Any CPU = Debug|Any CPU
		Release|Any CPU = Release|Any CPU
	EndGlobalSection
	GlobalSection(ProjectConfigurationPlatforms) = postSolution
		{2B985747-49C7-4F10-AD66-C8890778B556}.Debug|Any CPU.ActiveCfg = Debug|Any CPU
		{2B985747-49C7-4F10-AD66-C8890778B556}.Debug|Any CPU.Build.0 = Debug|Any CPU
		{2B985747-49C7-4F10-AD66-C8890778B556}.Release|Any CPU.ActiveCfg = Release|Any CPU
		{2B985747-49C7-4F10-AD66-C8890778B556}.Release|Any CPU.Build.0 = Release|Any CPU
		{F96EAB93-2E1D-43C5-8657-BBD2E17F820A}.Debug|Any CPU.ActiveCfg = Debug|Any CPU
		{F96EAB93-2E1D-43C5-8657-BBD2E17F820A}.Debug|Any CPU.Build.0 = Debug|Any CPU
		{F96EAB93-2E1D-43C5-8657-BBD2E17F820A}.Release|Any CPU.ActiveCfg = Release|Any CPU
		{F96EAB93-2E1D-43C5-8657-BBD2E17F820A}.Release|Any CPU.Build.0 = Release|Any CPU
		{04272E57-279E-496C-9D26-781304686984}.Debug|Any CPU.ActiveCfg = Debug|Any CPU
		{04272E57-279E-496C-9D26-781304686984}.Debug|Any CPU.Build.0 = Debug|Any CPU
		{04272E57-279E-496C-9D26-781304686984}.Release|Any CPU.ActiveCfg = Release|Any CPU
		{04272E57-279E-496C-9D26-781304686984}.Release|Any CPU.Build.0 = Release|Any CPU
		{BC597561-2442-40D6-9076-5CE52203CF14}.Debug|Any CPU.ActiveCfg = Debug|Any CPU
		{BC597561-2442-40D6-9076-5CE52203CF14}.Debug|Any CPU.Build.0 = Debug|Any CPU
		{BC597561-2442-40D6-9076-5CE52203CF14}.Release|Any CPU.ActiveCfg = Release|Any CPU
		{BC597561-2442-40D6-9076-5CE52203CF14}.Release|Any CPU.Build.0 = Release|Any CPU
	EndGlobalSection
	GlobalSection(SolutionProperties) = preSolution
		HideSolutionNode = FALSE
	EndGlobalSection
	GlobalSection(ExtensibilityGlobals) = postSolution
		SolutionGuid = {507E14FE-8B7A-4384-B5E1-E4F4234BE7B6}
	EndGlobalSection
EndGlobal
