
Microsoft Visual Studio Solution File, Format Version 12.00
# Visual Studio Version 17
VisualStudioVersion = 17.9.34728.123
MinimumVisualStudioVersion = 10.0.40219.1
Project("{FAE04EC0-301F-11D3-BF4B-00C04F79EFBC}") = "Task1", "Task1\Task1.csproj", "{26DCEAAB-32F1-45E4-AFBA-F26C99443006}"
EndProject
Project("{FAE04EC0-301F-11D3-BF4B-00C04F79EFBC}") = "Task2", "Task2\Task2.csproj", "{F51220C5-F8DC-4576-9D14-7D3C497DBD90}"
EndProject
Global
	GlobalSection(SolutionConfigurationPlatforms) = preSolution
		Debug|Any CPU = Debug|Any CPU
		Release|Any CPU = Release|Any CPU
	EndGlobalSection
	GlobalSection(ProjectConfigurationPlatforms) = postSolution
		{26DCEAAB-32F1-45E4-AFBA-F26C99443006}.Debug|Any CPU.ActiveCfg = Debug|Any CPU
		{26DCEAAB-32F1-45E4-AFBA-F26C99443006}.Debug|Any CPU.Build.0 = Debug|Any CPU
		{26DCEAAB-32F1-45E4-AFBA-F26C99443006}.Release|Any CPU.ActiveCfg = Release|Any CPU
		{26DCEAAB-32F1-45E4-AFBA-F26C99443006}.Release|Any CPU.Build.0 = Release|Any CPU
		{F51220C5-F8DC-4576-9D14-7D3C497DBD90}.Debug|Any CPU.ActiveCfg = Debug|Any CPU
		{F51220C5-F8DC-4576-9D14-7D3C497DBD90}.Debug|Any CPU.Build.0 = Debug|Any CPU
		{F51220C5-F8DC-4576-9D14-7D3C497DBD90}.Release|Any CPU.ActiveCfg = Release|Any CPU
		{F51220C5-F8DC-4576-9D14-7D3C497DBD90}.Release|Any CPU.Build.0 = Release|Any CPU
	EndGlobalSection
	GlobalSection(SolutionProperties) = preSolution
		HideSolutionNode = FALSE
	EndGlobalSection
	GlobalSection(ExtensibilityGlobals) = postSolution
		SolutionGuid = {253E4843-D44B-4A55-B90D-4959BEB98EF2}
	EndGlobalSection
EndGlobal
